
Microsoft Visual Studio Solution File, Format Version 12.00
# Visual Studio Version 17
VisualStudioVersion = 17.10.35122.118
MinimumVisualStudioVersion = 10.0.40219.1
Project("{FAE04EC0-301F-11D3-BF4B-00C04F79EFBC}") = "UN5ADVCONSTEditor", "UN5ADVCONSTEditor\UN5ADVCONSTEditor.csproj", "{59E8CBF3-6C1F-4ECA-9DF4-1989E4746A1A}"
EndProject
Global
	GlobalSection(SolutionConfigurationPlatforms) = preSolution
		Debug|Any CPU = Debug|Any CPU
		Release|Any CPU = Release|Any CPU
	EndGlobalSection
	GlobalSection(ProjectConfigurationPlatforms) = postSolution
		{59E8CBF3-6C1F-4ECA-9DF4-1989E4746A1A}.Debug|Any CPU.ActiveCfg = Debug|Any CPU
		{59E8CBF3-6C1F-4ECA-9DF4-1989E4746A1A}.Debug|Any CPU.Build.0 = Debug|Any CPU
		{59E8CBF3-6C1F-4ECA-9DF4-1989E4746A1A}.Release|Any CPU.ActiveCfg = Debug|Any CPU
		{59E8CBF3-6C1F-4ECA-9DF4-1989E4746A1A}.Release|Any CPU.Build.0 = Debug|Any CPU
	EndGlobalSection
	GlobalSection(SolutionProperties) = preSolution
		HideSolutionNode = FALSE
	EndGlobalSection
	GlobalSection(ExtensibilityGlobals) = postSolution
		SolutionGuid = {A9D40422-2B59-4DFF-B13D-B946D8C06415}
	EndGlobalSection
EndGlobal
